// !$*UTF8*$!
{
	archiveVersion = 1;
	classes = {
	};
	objectVersion = 46;
	objects = {

/* Begin PBXBuildFile section */
		77414A201CF30AA2006C16DD /* main.c in Sources */ = {isa = PBXBuildFile; fileRef = 77414A1F1CF30AA2006C16DD /* main.c */; };
		77414A291CF30AEA006C16DD /* HelpOne.c in Sources */ = {isa = PBXBuildFile; fileRef = 77414A271CF30AEA006C16DD /* HelpOne.c */; };
		77F814AB1CF802B700351C41 /* ASM.c in Sources */ = {isa = PBXBuildFile; fileRef = 77F814AA1CF802B700351C41 /* ASM.c */; };
/* End PBXBuildFile section */

/* Begin PBXCopyFilesBuildPhase section */
		77414A1A1CF30AA2006C16DD /* CopyFiles */ = {
			isa = PBXCopyFilesBuildPhase;
			buildActionMask = 2147483647;
			dstPath = /usr/share/man/man1/;
			dstSubfolderSpec = 0;
			files = (
			);
			runOnlyForDeploymentPostprocessing = 1;
		};
/* End PBXCopyFilesBuildPhase section */

/* Begin PBXFileReference section */
		77414A1C1CF30AA2006C16DD /* GCCTest */ = {isa = PBXFileReference; explicitFileType = "compiled.mach-o.executable"; includeInIndex = 0; path = GCCTest; sourceTree = BUILT_PRODUCTS_DIR; };
		77414A1F1CF30AA2006C16DD /* main.c */ = {isa = PBXFileReference; lastKnownFileType = sourcecode.c.c; path = main.c; sourceTree = "<group>"; };
		77414A271CF30AEA006C16DD /* HelpOne.c */ = {isa = PBXFileReference; fileEncoding = 4; lastKnownFileType = sourcecode.c.c; path = HelpOne.c; sourceTree = "<group>"; };
		77414A281CF30AEA006C16DD /* HelpOne.h */ = {isa = PBXFileReference; fileEncoding = 4; lastKnownFileType = sourcecode.c.h; path = HelpOne.h; sourceTree = "<group>"; };
		77F814AA1CF802B700351C41 /* ASM.c */ = {isa = PBXFileReference; fileEncoding = 4; lastKnownFileType = sourcecode.c.c; path = ASM.c; sourceTree = "<group>"; };
/* End PBXFileReference section */

/* Begin PBXFrameworksBuildPhase section */
		77414A191CF30AA2006C16DD /* Frameworks */ = {
			isa = PBXFrameworksBuildPhase;
			buildActionMask = 2147483647;
			files = (
			);
			runOnlyForDeploymentPostprocessing = 0;
		};
/* End PBXFrameworksBuildPhase section */

/* Begin PBXGroup section */
		77414A131CF30AA2006C16DD = {
			isa = PBXGroup;
			children = (
				77414A1E1CF30AA2006C16DD /* GCCTest */,
				77414A1D1CF30AA2006C16DD /* Products */,
			);
			sourceTree = "<group>";
		};
		77414A1D1CF30AA2006C16DD /* Products */ = {
			isa = PBXGroup;
			children = (
				77414A1C1CF30AA2006C16DD /* GCCTest */,
			);
			name = Products;
			sourceTree = "<group>";
		};
		77414A1E1CF30AA2006C16DD /* GCCTest */ = {
			isa = PBXGroup;
			children = (
				77414A261CF30AD2006C16DD /* assistant */,
				77414A1F1CF30AA2006C16DD /* main.c */,
				77F814AA1CF802B700351C41 /* ASM.c */,
			);
			path = GCCTest;
			sourceTree = "<group>";
		};
		77414A261CF30AD2006C16DD /* assistant */ = {
			isa = PBXGroup;
			children = (
				77414A271CF30AEA006C16DD /* HelpOne.c */,
				77414A281CF30AEA006C16DD /* HelpOne.h */,
			);
			path = assistant;
			sourceTree = "<group>";
		};
/* End PBXGroup section */

/* Begin PBXNativeTarget section */
		77414A1B1CF30AA2006C16DD /* GCCTest */ = {
			isa = PBXNativeTarget;
			buildConfigurationList = 77414A231CF30AA2006C16DD /* Build configuration list for PBXNativeTarget "GCCTest" */;
			buildPhases = (
				77414A181CF30AA2006C16DD /* Sources */,
				77414A191CF30AA2006C16DD /* Frameworks */,
				77414A1A1CF30AA2006C16DD /* CopyFiles */,
			);
			buildRules = (
			);
			dependencies = (
			);
			name = GCCTest;
			productName = GCCTest;
			productReference = 77414A1C1CF30AA2006C16DD /* GCCTest */;
			productType = "com.apple.product-type.tool";
		};
/* End PBXNativeTarget section */

/* Begin PBXProject section */
		77414A141CF30AA2006C16DD /* Project object */ = {
			isa = PBXProject;
			attributes = {
				LastUpgradeCheck = 0730;
				ORGANIZATIONNAME = xukaitiankevin;
				TargetAttributes = {
					77414A1B1CF30AA2006C16DD = {
						CreatedOnToolsVersion = 7.3;
					};
				};
			};
			buildConfigurationList = 77414A171CF30AA2006C16DD /* Build configuration list for PBXProject "GCCTest" */;
			compatibilityVersion = "Xcode 3.2";
			developmentRegion = English;
			hasScannedForEncodings = 0;
			knownRegions = (
				en,
			);
			mainGroup = 77414A131CF30AA2006C16DD;
			productRefGroup = 77414A1D1CF30AA2006C16DD /* Products */;
			projectDirPath = "";
			projectRoot = "";
			targets = (
				77414A1B1CF30AA2006C16DD /* GCCTest */,
			);
		};
/* End PBXProject section */

/* Begin PBXSourcesBuildPhase section */
		77414A181CF30AA2006C16DD /* Sources */ = {
			isa = PBXSourcesBuildPhase;
			buildActionMask = 2147483647;
			files = (
				77F814AB1CF802B700351C41 /* ASM.c in Sources */,
				77414A201CF30AA2006C16DD /* main.c in Sources */,
				77414A291CF30AEA006C16DD /* HelpOne.c in Sources */,
			);
			runOnlyForDeploymentPostprocessing = 0;
		};
/* End PBXSourcesBuildPhase section */

/* Begin XCBuildConfiguration section */
		77414A211CF30AA2006C16DD /* Debug */ = {
			isa = XCBuildConfiguration;
			buildSettings = {
				ALWAYS_SEARCH_USER_PATHS = NO;
				CLANG_ANALYZER_NONNULL = YES;
				CLANG_CXX_LANGUAGE_STANDARD = "gnu++0x";
				CLANG_CXX_LIBRARY = "libc++";
				CLANG_ENABLE_MODULES = YES;
				CLANG_ENABLE_OBJC_ARC = YES;
				CLANG_WARN_BOOL_CONVERSION = YES;
				CLANG_WARN_CONSTANT_CONVERSION = YES;
				CLANG_WARN_DIRECT_OBJC_ISA_USAGE = YES_ERROR;
				CLANG_WARN_EMPTY_BODY = YES;
				CLANG_WARN_ENUM_CONVERSION = YES;
				CLANG_WARN_INT_CONVERSION = YES;
				CLANG_WARN_OBJC_ROOT_CLASS = YES_ERROR;
				CLANG_WARN_UNREACHABLE_CODE = YES;
				CLANG_WARN__DUPLICATE_METHOD_MATCH = YES;
				CODE_SIGN_IDENTITY = "-";
				COPY_PHASE_STRIP = NO;
				DEBUG_INFORMATION_FORMAT = dwarf;
				ENABLE_STRICT_OBJC_MSGSEND = YES;
				ENABLE_TESTABILITY = YES;
				GCC_C_LANGUAGE_STANDARD = gnu99;
				GCC_DYNAMIC_NO_PIC = NO;
				GCC_NO_COMMON_BLOCKS = YES;
				GCC_OPTIMIZATION_LEVEL = 0;
				GCC_PREPROCESSOR_DEFINITIONS = (
					"DEBUG=1",
					"$(inherited)",
				);
				GCC_WARN_64_TO_32_BIT_CONVERSION = YES;
				GCC_WARN_ABOUT_RETURN_TYPE = YES_ERROR;
				GCC_WARN_UNDECLARED_SELECTOR = YES;
				GCC_WARN_UNINITIALIZED_AUTOS = YES_AGGRESSIVE;
				GCC_WARN_UNUSED_FUNCTION = YES;
				GCC_WARN_UNUSED_VARIABLE = YES;
				MACOSX_DEPLOYMENT_TARGET = 10.11;
				MTL_ENABLE_DEBUG_INFO = YES;
				ONLY_ACTIVE_ARCH = YES;
				SDKROOT = macosx;
			};
			name = Debug;
		};
		77414A221CF30AA2006C16DD /* Release */ = {
			isa = XCBuildConfiguration;
			buildSettings = {
				ALWAYS_SEARCH_USER_PATHS = NO;
				CLANG_ANALYZER_NONNULL = YES;
				CLANG_CXX_LANGUAGE_STANDARD = "gnu++0x";
				CLANG_CXX_LIBRARY = "libc++";
				CLANG_ENABLE_MODULES = YES;
				CLANG_ENABLE_OBJC_ARC = YES;
				CLANG_WARN_BOOL_CONVERSION = YES;
				CLANG_WARN_CONSTANT_CONVERSION = YES;
				CLANG_WARN_DIRECT_OBJC_ISA_USAGE = YES_ERROR;
				CLANG_WARN_EMPTY_BODY = YES;
				CLANG_WARN_ENUM_CONVERSION = YES;
				CLANG_WARN_INT_CONVERSION = YES;
				CLANG_WARN_OBJC_ROOT_CLASS = YES_ERROR;
				CLANG_WARN_UNREACHABLE_CODE = YES;
				CLANG_WARN__DUPLICATE_METHOD_MATCH = YES;
				CODE_SIGN_IDENTITY = "-";
				COPY_PHASE_STRIP = NO;
				DEBUG_INFORMATION_FORMAT = "dwarf-with-dsym";
				ENABLE_NS_ASSERTIONS = NO;
				ENABLE_STRICT_OBJC_MSGSEND = YES;
				GCC_C_LANGUAGE_STANDARD = gnu99;
				GCC_NO_COMMON_BLOCKS = YES;
				GCC_WARN_64_TO_32_BIT_CONVERSION = YES;
				GCC_WARN_ABOUT_RETURN_TYPE = YES_ERROR;
				GCC_WARN_UNDECLARED_SELECTOR = YES;
				GCC_WARN_UNINITIALIZED_AUTOS = YES_AGGRESSIVE;
				GCC_WARN_UNUSED_FUNCTION = YES;
				GCC_WARN_UNUSED_VARIABLE = YES;
				MACOSX_DEPLOYMENT_TARGET = 10.11;
				MTL_ENABLE_DEBUG_INFO = NO;
				SDKROOT = macosx;
			};
			name = Release;
		};
		77414A241CF30AA2006C16DD /* Debug */ = {
			isa = XCBuildConfiguration;
			buildSettings = {
				PRODUCT_NAME = "$(TARGET_NAME)";
			};
			name = Debug;
		};
		77414A251CF30AA2006C16DD /* Release */ = {
			isa = XCBuildConfiguration;
			buildSettings = {
				PRODUCT_NAME = "$(TARGET_NAME)";
			};
			name = Release;
		};
/* End XCBuildConfiguration section */

/* Begin XCConfigurationList section */
		77414A171CF30AA2006C16DD /* Build configuration list for PBXProject "GCCTest" */ = {
			isa = XCConfigurationList;
			buildConfigurations = (
				77414A211CF30AA2006C16DD /* Debug */,
				77414A221CF30AA2006C16DD /* Release */,
			);
			defaultConfigurationIsVisible = 0;
			defaultConfigurationName = Release;
		};
		77414A231CF30AA2006C16DD /* Build configuration list for PBXNativeTarget "GCCTest" */ = {
			isa = XCConfigurationList;
			buildConfigurations = (
				77414A241CF30AA2006C16DD /* Debug */,
				77414A251CF30AA2006C16DD /* Release */,
			);
			defaultConfigurationIsVisible = 0;
			defaultConfigurationName = Release;
		};
/* End XCConfigurationList section */
	};
	rootObject = 77414A141CF30AA2006C16DD /* Project object */;
}
